
Microsoft Visual Studio Solution File, Format Version 12.00
# Visual Studio Version 17
VisualStudioVersion = 17.5.33516.290
MinimumVisualStudioVersion = 10.0.40219.1
Project("{FAE04EC0-301F-11D3-BF4B-00C04F79EFBC}") = "Winform Project - FPT Student", "Winform Project - FPT Student\Winform Project - FPT Student.csproj", "{EE0DB8C7-2570-40B7-AE44-EC728DC7DDE4}"
EndProject
Global
	GlobalSection(SolutionConfigurationPlatforms) = preSolution
		Debug|Any CPU = Debug|Any CPU
		Release|Any CPU = Release|Any CPU
	EndGlobalSection
	GlobalSection(ProjectConfigurationPlatforms) = postSolution
		{EE0DB8C7-2570-40B7-AE44-EC728DC7DDE4}.Debug|Any CPU.ActiveCfg = Debug|Any CPU
		{EE0DB8C7-2570-40B7-AE44-EC728DC7DDE4}.Debug|Any CPU.Build.0 = Debug|Any CPU
		{EE0DB8C7-2570-40B7-AE44-EC728DC7DDE4}.Release|Any CPU.ActiveCfg = Release|Any CPU
		{EE0DB8C7-2570-40B7-AE44-EC728DC7DDE4}.Release|Any CPU.Build.0 = Release|Any CPU
	EndGlobalSection
	GlobalSection(SolutionProperties) = preSolution
		HideSolutionNode = FALSE
	EndGlobalSection
	GlobalSection(ExtensibilityGlobals) = postSolution
		SolutionGuid = {733C2B1C-1B57-43B0-B0C2-35C7CF730D86}
	EndGlobalSection
EndGlobal
